
Microsoft Visual Studio Solution File, Format Version 12.00
# Visual Studio 2013
VisualStudioVersion = 12.0.31101.0
MinimumVisualStudioVersion = 10.0.40219.1
Project("{FAE04EC0-301F-11D3-BF4B-00C04F79EFBC}") = "Calculator", "Calculator\Calculator.csproj", "{BD2812C0-E91F-4A85-88D7-33043CB873F3}"
EndProject
Project("{FAE04EC0-301F-11D3-BF4B-00C04F79EFBC}") = "CalculatorTests", "CalculatorTests\CalculatorTests.csproj", "{76C62C68-52C8-4051-ABFC-6A59725E14E2}"
EndProject
Global
	GlobalSection(SolutionConfigurationPlatforms) = preSolution
		Debug|Any CPU = Debug|Any CPU
		Release|Any CPU = Release|Any CPU
	EndGlobalSection
	GlobalSection(ProjectConfigurationPlatforms) = postSolution
		{BD2812C0-E91F-4A85-88D7-33043CB873F3}.Debug|Any CPU.ActiveCfg = Debug|Any CPU
		{BD2812C0-E91F-4A85-88D7-33043CB873F3}.Debug|Any CPU.Build.0 = Debug|Any CPU
		{BD2812C0-E91F-4A85-88D7-33043CB873F3}.Release|Any CPU.ActiveCfg = Release|Any CPU
		{BD2812C0-E91F-4A85-88D7-33043CB873F3}.Release|Any CPU.Build.0 = Release|Any CPU
		{76C62C68-52C8-4051-ABFC-6A59725E14E2}.Debug|Any CPU.ActiveCfg = Debug|Any CPU
		{76C62C68-52C8-4051-ABFC-6A59725E14E2}.Debug|Any CPU.Build.0 = Debug|Any CPU
		{76C62C68-52C8-4051-ABFC-6A59725E14E2}.Release|Any CPU.ActiveCfg = Release|Any CPU
		{76C62C68-52C8-4051-ABFC-6A59725E14E2}.Release|Any CPU.Build.0 = Release|Any CPU
	EndGlobalSection
	GlobalSection(SolutionProperties) = preSolution
		HideSolutionNode = FALSE
	EndGlobalSection
EndGlobal
